// !$*UTF8*$!
{
	archiveVersion = 1;
	classes = {
	};
	objectVersion = 48;
	objects = {

/* Begin PBXBuildFile section */
		0AEBCB212531DE9BDCCCA74D /* libPods-storehouse.a in Frameworks */ = {isa = PBXBuildFile; fileRef = 808DADAF1408E9BDF5A7FCE3 /* libPods-storehouse.a */; };
		161E57D920CF77A6006B57B2 /* CPXCommonLabel.m in Sources */ = {isa = PBXBuildFile; fileRef = 161E57D820CF77A6006B57B2 /* CPXCommonLabel.m */; };
		161E57DA20CF77A6006B57B2 /* CPXCommonLabel.m in Sources */ = {isa = PBXBuildFile; fileRef = 161E57D820CF77A6006B57B2 /* CPXCommonLabel.m */; };
		161E57DB20CF77A6006B57B2 /* CPXCommonLabel.m in Sources */ = {isa = PBXBuildFile; fileRef = 161E57D820CF77A6006B57B2 /* CPXCommonLabel.m */; };
		161E57DE20CFA278006B57B2 /* LaunchMainHeaderView.m in Sources */ = {isa = PBXBuildFile; fileRef = 161E57DD20CFA278006B57B2 /* LaunchMainHeaderView.m */; };
		161E57DF20CFA278006B57B2 /* LaunchMainHeaderView.m in Sources */ = {isa = PBXBuildFile; fileRef = 161E57DD20CFA278006B57B2 /* LaunchMainHeaderView.m */; };
		161E57E020CFA278006B57B2 /* LaunchMainHeaderView.m in Sources */ = {isa = PBXBuildFile; fileRef = 161E57DD20CFA278006B57B2 /* LaunchMainHeaderView.m */; };
		162E471D20C68D5400DED9B2 /* FunctionListFlowLayout.m in Sources */ = {isa = PBXBuildFile; fileRef = 162E471C20C68D5400DED9B2 /* FunctionListFlowLayout.m */; };
		162E471E20C68D5400DED9B2 /* FunctionListFlowLayout.m in Sources */ = {isa = PBXBuildFile; fileRef = 162E471C20C68D5400DED9B2 /* FunctionListFlowLayout.m */; };
		162E471F20C68D5400DED9B2 /* FunctionListFlowLayout.m in Sources */ = {isa = PBXBuildFile; fileRef = 162E471C20C68D5400DED9B2 /* FunctionListFlowLayout.m */; };
		162E472220C68E8900DED9B2 /* HomeFunctionCollectionViewCell.m in Sources */ = {isa = PBXBuildFile; fileRef = 162E472120C68E8900DED9B2 /* HomeFunctionCollectionViewCell.m */; };
		162E472320C68E8900DED9B2 /* HomeFunctionCollectionViewCell.m in Sources */ = {isa = PBXBuildFile; fileRef = 162E472120C68E8900DED9B2 /* HomeFunctionCollectionViewCell.m */; };
		162E472420C68E8900DED9B2 /* HomeFunctionCollectionViewCell.m in Sources */ = {isa = PBXBuildFile; fileRef = 162E472120C68E8900DED9B2 /* HomeFunctionCollectionViewCell.m */; };
		162E472720C690C400DED9B2 /* HomeFunctionListModel.m in Sources */ = {isa = PBXBuildFile; fileRef = 162E472620C690C400DED9B2 /* HomeFunctionListModel.m */; };
		162E472820C690C400DED9B2 /* HomeFunctionListModel.m in Sources */ = {isa = PBXBuildFile; fileRef = 162E472620C690C400DED9B2 /* HomeFunctionListModel.m */; };
		162E472920C690C400DED9B2 /* HomeFunctionListModel.m in Sources */ = {isa = PBXBuildFile; fileRef = 162E472620C690C400DED9B2 /* HomeFunctionListModel.m */; };
		162E472B20C6915200DED9B2 /* HomeFunctionList.plist in Resources */ = {isa = PBXBuildFile; fileRef = 162E472A20C6915200DED9B2 /* HomeFunctionList.plist */; };
		162E472C20C6915200DED9B2 /* HomeFunctionList.plist in Resources */ = {isa = PBXBuildFile; fileRef = 162E472A20C6915200DED9B2 /* HomeFunctionList.plist */; };
		162E472D20C6915200DED9B2 /* HomeFunctionList.plist in Resources */ = {isa = PBXBuildFile; fileRef = 162E472A20C6915200DED9B2 /* HomeFunctionList.plist */; };
		162E473120C6954C00DED9B2 /* NSArray+Addition.m in Sources */ = {isa = PBXBuildFile; fileRef = 162E473020C6954C00DED9B2 /* NSArray+Addition.m */; };
		162E473220C6954C00DED9B2 /* NSArray+Addition.m in Sources */ = {isa = PBXBuildFile; fileRef = 162E473020C6954C00DED9B2 /* NSArray+Addition.m */; };
		162E473320C6954C00DED9B2 /* NSArray+Addition.m in Sources */ = {isa = PBXBuildFile; fileRef = 162E473020C6954C00DED9B2 /* NSArray+Addition.m */; };
		162E473620C6957C00DED9B2 /* NSObject+Addition.m in Sources */ = {isa = PBXBuildFile; fileRef = 162E473420C6957C00DED9B2 /* NSObject+Addition.m */; };
		162E473720C6957C00DED9B2 /* NSObject+Addition.m in Sources */ = {isa = PBXBuildFile; fileRef = 162E473420C6957C00DED9B2 /* NSObject+Addition.m */; };
		162E473820C6957C00DED9B2 /* NSObject+Addition.m in Sources */ = {isa = PBXBuildFile; fileRef = 162E473420C6957C00DED9B2 /* NSObject+Addition.m */; };
		162E473B20C7B43E00DED9B2 /* HomeNoticeNewsTVCell.m in Sources */ = {isa = PBXBuildFile; fileRef = 162E473A20C7B43E00DED9B2 /* HomeNoticeNewsTVCell.m */; };
		162E473C20C7B43E00DED9B2 /* HomeNoticeNewsTVCell.m in Sources */ = {isa = PBXBuildFile; fileRef = 162E473A20C7B43E00DED9B2 /* HomeNoticeNewsTVCell.m */; };
		162E473D20C7B43E00DED9B2 /* HomeNoticeNewsTVCell.m in Sources */ = {isa = PBXBuildFile; fileRef = 162E473A20C7B43E00DED9B2 /* HomeNoticeNewsTVCell.m */; };
		162E474020C7B60C00DED9B2 /* UILabel+Addition.m in Sources */ = {isa = PBXBuildFile; fileRef = 162E473E20C7B60B00DED9B2 /* UILabel+Addition.m */; };
		162E474120C7B60C00DED9B2 /* UILabel+Addition.m in Sources */ = {isa = PBXBuildFile; fileRef = 162E473E20C7B60B00DED9B2 /* UILabel+Addition.m */; };
		162E474220C7B60C00DED9B2 /* UILabel+Addition.m in Sources */ = {isa = PBXBuildFile; fileRef = 162E473E20C7B60B00DED9B2 /* UILabel+Addition.m */; };
		162E474820C7DEA500DED9B2 /* LaunchMainHeaderButtonView.m in Sources */ = {isa = PBXBuildFile; fileRef = 162E474720C7DEA500DED9B2 /* LaunchMainHeaderButtonView.m */; };
		162E474920C7DEA500DED9B2 /* LaunchMainHeaderButtonView.m in Sources */ = {isa = PBXBuildFile; fileRef = 162E474720C7DEA500DED9B2 /* LaunchMainHeaderButtonView.m */; };
		162E474A20C7DEA500DED9B2 /* LaunchMainHeaderButtonView.m in Sources */ = {isa = PBXBuildFile; fileRef = 162E474720C7DEA500DED9B2 /* LaunchMainHeaderButtonView.m */; };
		1654F3102105BA60007EF7B0 /* LaunchBaseVC.m in Sources */ = {isa = PBXBuildFile; fileRef = 1654F30F2105BA60007EF7B0 /* LaunchBaseVC.m */; };
		1654F3132105C81A007EF7B0 /* LaunchPurchaseVC.m in Sources */ = {isa = PBXBuildFile; fileRef = 1654F3122105C81A007EF7B0 /* LaunchPurchaseVC.m */; };
		1654F3162105C916007EF7B0 /* LaunchBaseTVCell.m in Sources */ = {isa = PBXBuildFile; fileRef = 1654F3152105C916007EF7B0 /* LaunchBaseTVCell.m */; };
		1654F3172105C916007EF7B0 /* LaunchBaseTVCell.m in Sources */ = {isa = PBXBuildFile; fileRef = 1654F3152105C916007EF7B0 /* LaunchBaseTVCell.m */; };
		1654F3182105C916007EF7B0 /* LaunchBaseTVCell.m in Sources */ = {isa = PBXBuildFile; fileRef = 1654F3152105C916007EF7B0 /* LaunchBaseTVCell.m */; };
		1654F32121070DC5007EF7B0 /* ZWPullMenuCell.m in Sources */ = {isa = PBXBuildFile; fileRef = 1654F31B21070DC5007EF7B0 /* ZWPullMenuCell.m */; };
		1654F32221070DC5007EF7B0 /* ZWPullMenuCell.m in Sources */ = {isa = PBXBuildFile; fileRef = 1654F31B21070DC5007EF7B0 /* ZWPullMenuCell.m */; };
		1654F32321070DC5007EF7B0 /* ZWPullMenuCell.m in Sources */ = {isa = PBXBuildFile; fileRef = 1654F31B21070DC5007EF7B0 /* ZWPullMenuCell.m */; };
		1654F32421070DC5007EF7B0 /* ZWPullMenuCell.xib in Resources */ = {isa = PBXBuildFile; fileRef = 1654F31C21070DC5007EF7B0 /* ZWPullMenuCell.xib */; };
		1654F32521070DC5007EF7B0 /* ZWPullMenuCell.xib in Resources */ = {isa = PBXBuildFile; fileRef = 1654F31C21070DC5007EF7B0 /* ZWPullMenuCell.xib */; };
		1654F32621070DC5007EF7B0 /* ZWPullMenuCell.xib in Resources */ = {isa = PBXBuildFile; fileRef = 1654F31C21070DC5007EF7B0 /* ZWPullMenuCell.xib */; };
		1654F32721070DC5007EF7B0 /* ZWPullMenuModel.m in Sources */ = {isa = PBXBuildFile; fileRef = 1654F31E21070DC5007EF7B0 /* ZWPullMenuModel.m */; };
		1654F32821070DC5007EF7B0 /* ZWPullMenuModel.m in Sources */ = {isa = PBXBuildFile; fileRef = 1654F31E21070DC5007EF7B0 /* ZWPullMenuModel.m */; };
		1654F32921070DC5007EF7B0 /* ZWPullMenuModel.m in Sources */ = {isa = PBXBuildFile; fileRef = 1654F31E21070DC5007EF7B0 /* ZWPullMenuModel.m */; };
		1654F32A21070DC5007EF7B0 /* ZWPullMenuView.m in Sources */ = {isa = PBXBuildFile; fileRef = 1654F32021070DC5007EF7B0 /* ZWPullMenuView.m */; };
		1654F32B21070DC5007EF7B0 /* ZWPullMenuView.m in Sources */ = {isa = PBXBuildFile; fileRef = 1654F32021070DC5007EF7B0 /* ZWPullMenuView.m */; };
		1654F32C21070DC5007EF7B0 /* ZWPullMenuView.m in Sources */ = {isa = PBXBuildFile; fileRef = 1654F32021070DC5007EF7B0 /* ZWPullMenuView.m */; };
		16872814210EF897004E9250 /* LaunchGetUseVC.m in Sources */ = {isa = PBXBuildFile; fileRef = 16872813210EF897004E9250 /* LaunchGetUseVC.m */; };
		16872815210EF897004E9250 /* LaunchGetUseVC.m in Sources */ = {isa = PBXBuildFile; fileRef = 16872813210EF897004E9250 /* LaunchGetUseVC.m */; };
		16872816210EF897004E9250 /* LaunchGetUseVC.m in Sources */ = {isa = PBXBuildFile; fileRef = 16872813210EF897004E9250 /* LaunchGetUseVC.m */; };
		1687281E21105E59004E9250 /* LaunchFormTVCell.m in Sources */ = {isa = PBXBuildFile; fileRef = 1687281D21105E59004E9250 /* LaunchFormTVCell.m */; };
		1687281F21105E59004E9250 /* LaunchFormTVCell.m in Sources */ = {isa = PBXBuildFile; fileRef = 1687281D21105E59004E9250 /* LaunchFormTVCell.m */; };
		1687282021105E59004E9250 /* LaunchFormTVCell.m in Sources */ = {isa = PBXBuildFile; fileRef = 1687281D21105E59004E9250 /* LaunchFormTVCell.m */; };
		168728232111933C004E9250 /* LaunchRepairVC.m in Sources */ = {isa = PBXBuildFile; fileRef = 168728222111933C004E9250 /* LaunchRepairVC.m */; };
		168728242111933C004E9250 /* LaunchRepairVC.m in Sources */ = {isa = PBXBuildFile; fileRef = 168728222111933C004E9250 /* LaunchRepairVC.m */; };
		168728252111933C004E9250 /* LaunchRepairVC.m in Sources */ = {isa = PBXBuildFile; fileRef = 168728222111933C004E9250 /* LaunchRepairVC.m */; };
		16872828211196CA004E9250 /* LaunchScrapVC.m in Sources */ = {isa = PBXBuildFile; fileRef = 16872827211196CA004E9250 /* LaunchScrapVC.m */; };
		16872829211196CA004E9250 /* LaunchScrapVC.m in Sources */ = {isa = PBXBuildFile; fileRef = 16872827211196CA004E9250 /* LaunchScrapVC.m */; };
		1687282A211196CA004E9250 /* LaunchScrapVC.m in Sources */ = {isa = PBXBuildFile; fileRef = 16872827211196CA004E9250 /* LaunchScrapVC.m */; };
		1687282D21119FA1004E9250 /* LaunchRetiringVC.m in Sources */ = {isa = PBXBuildFile; fileRef = 1687282C21119FA1004E9250 /* LaunchRetiringVC.m */; };
		1687282E21119FA1004E9250 /* LaunchRetiringVC.m in Sources */ = {isa = PBXBuildFile; fileRef = 1687282C21119FA1004E9250 /* LaunchRetiringVC.m */; };
		1687282F21119FA1004E9250 /* LaunchRetiringVC.m in Sources */ = {isa = PBXBuildFile; fileRef = 1687282C21119FA1004E9250 /* LaunchRetiringVC.m */; };
		16AD801F20BEC365005F99BC /* Assets.xcassets in Resources */ = {isa = PBXBuildFile; fileRef = 16AD801E20BEC365005F99BC /* Assets.xcassets */; };
		16AD802220BEC365005F99BC /* LaunchScreen.storyboard in Resources */ = {isa = PBXBuildFile; fileRef = 16AD802020BEC365005F99BC /* LaunchScreen.storyboard */; };
		16AD802F20BEC365005F99BC /* storehouseTests.m in Sources */ = {isa = PBXBuildFile; fileRef = 16AD802E20BEC365005F99BC /* storehouseTests.m */; };
		16AD803A20BEC365005F99BC /* storehouseUITests.m in Sources */ = {isa = PBXBuildFile; fileRef = 16AD803920BEC365005F99BC /* storehouseUITests.m */; };
		16AD805520BEC9AC005F99BC /* HttpClient.m in Sources */ = {isa = PBXBuildFile; fileRef = 16AD805220BEC9AC005F99BC /* HttpClient.m */; };
		16AD805620BEC9AC005F99BC /* HttpClient.m in Sources */ = {isa = PBXBuildFile; fileRef = 16AD805220BEC9AC005F99BC /* HttpClient.m */; };
		16AD805720BEC9AC005F99BC /* HttpClient.m in Sources */ = {isa = PBXBuildFile; fileRef = 16AD805220BEC9AC005F99BC /* HttpClient.m */; };
		16AD805820BEC9AC005F99BC /* UIColor+Extension.m in Sources */ = {isa = PBXBuildFile; fileRef = 16AD805320BEC9AC005F99BC /* UIColor+Extension.m */; };
		16AD805920BEC9AC005F99BC /* UIColor+Extension.m in Sources */ = {isa = PBXBuildFile; fileRef = 16AD805320BEC9AC005F99BC /* UIColor+Extension.m */; };
		16AD805A20BEC9AC005F99BC /* UIColor+Extension.m in Sources */ = {isa = PBXBuildFile; fileRef = 16AD805320BEC9AC005F99BC /* UIColor+Extension.m */; };
		16AD805D20BEC9E9005F99BC /* Info.plist in Resources */ = {isa = PBXBuildFile; fileRef = 16AD805B20BEC9E9005F99BC /* Info.plist */; };
		16AD805E20BEC9E9005F99BC /* Info.plist in Resources */ = {isa = PBXBuildFile; fileRef = 16AD805B20BEC9E9005F99BC /* Info.plist */; };
		16AD805F20BEC9E9005F99BC /* Info.plist in Resources */ = {isa = PBXBuildFile; fileRef = 16AD805B20BEC9E9005F99BC /* Info.plist */; };
		16AD806020BEC9E9005F99BC /* main.m in Sources */ = {isa = PBXBuildFile; fileRef = 16AD805C20BEC9E9005F99BC /* main.m */; };
		16AD806120BEC9E9005F99BC /* main.m in Sources */ = {isa = PBXBuildFile; fileRef = 16AD805C20BEC9E9005F99BC /* main.m */; };
		16AD806220BEC9E9005F99BC /* main.m in Sources */ = {isa = PBXBuildFile; fileRef = 16AD805C20BEC9E9005F99BC /* main.m */; };
		16AD806520BECA10005F99BC /* AppDelegate.m in Sources */ = {isa = PBXBuildFile; fileRef = 16AD806320BECA10005F99BC /* AppDelegate.m */; };
		16AD806620BECA10005F99BC /* AppDelegate.m in Sources */ = {isa = PBXBuildFile; fileRef = 16AD806320BECA10005F99BC /* AppDelegate.m */; };
		16AD806720BECA10005F99BC /* AppDelegate.m in Sources */ = {isa = PBXBuildFile; fileRef = 16AD806320BECA10005F99BC /* AppDelegate.m */; };
		16AD807020BECA67005F99BC /* YYNavigationController.m in Sources */ = {isa = PBXBuildFile; fileRef = 16AD806820BECA67005F99BC /* YYNavigationController.m */; };
		16AD807120BECA67005F99BC /* YYNavigationController.m in Sources */ = {isa = PBXBuildFile; fileRef = 16AD806820BECA67005F99BC /* YYNavigationController.m */; };
		16AD807220BECA67005F99BC /* YYNavigationController.m in Sources */ = {isa = PBXBuildFile; fileRef = 16AD806820BECA67005F99BC /* YYNavigationController.m */; };
		16AD807320BECA67005F99BC /* YYTabBarController.m in Sources */ = {isa = PBXBuildFile; fileRef = 16AD806920BECA67005F99BC /* YYTabBarController.m */; };
		16AD807420BECA67005F99BC /* YYTabBarController.m in Sources */ = {isa = PBXBuildFile; fileRef = 16AD806920BECA67005F99BC /* YYTabBarController.m */; };
		16AD807520BECA67005F99BC /* YYTabBarController.m in Sources */ = {isa = PBXBuildFile; fileRef = 16AD806920BECA67005F99BC /* YYTabBarController.m */; };
		16AD807620BECA67005F99BC /* YYTabBar.m in Sources */ = {isa = PBXBuildFile; fileRef = 16AD806B20BECA67005F99BC /* YYTabBar.m */; };
		16AD807720BECA67005F99BC /* YYTabBar.m in Sources */ = {isa = PBXBuildFile; fileRef = 16AD806B20BECA67005F99BC /* YYTabBar.m */; };
		16AD807820BECA67005F99BC /* YYTabBar.m in Sources */ = {isa = PBXBuildFile; fileRef = 16AD806B20BECA67005F99BC /* YYTabBar.m */; };
		16AD807920BECA67005F99BC /* YYTabBarItem.m in Sources */ = {isa = PBXBuildFile; fileRef = 16AD806E20BECA67005F99BC /* YYTabBarItem.m */; };
		16AD807A20BECA67005F99BC /* YYTabBarItem.m in Sources */ = {isa = PBXBuildFile; fileRef = 16AD806E20BECA67005F99BC /* YYTabBarItem.m */; };
		16AD807B20BECA67005F99BC /* YYTabBarItem.m in Sources */ = {isa = PBXBuildFile; fileRef = 16AD806E20BECA67005F99BC /* YYTabBarItem.m */; };
		16AD807E20BECB2A005F99BC /* HomeVC.m in Sources */ = {isa = PBXBuildFile; fileRef = 16AD807D20BECB2A005F99BC /* HomeVC.m */; };
		16AD807F20BECB2A005F99BC /* HomeVC.m in Sources */ = {isa = PBXBuildFile; fileRef = 16AD807D20BECB2A005F99BC /* HomeVC.m */; };
		16AD808020BECB2A005F99BC /* HomeVC.m in Sources */ = {isa = PBXBuildFile; fileRef = 16AD807D20BECB2A005F99BC /* HomeVC.m */; };
		16AD808320BECB40005F99BC /* ApplyVC.m in Sources */ = {isa = PBXBuildFile; fileRef = 16AD808220BECB40005F99BC /* ApplyVC.m */; };
		16AD808420BECB40005F99BC /* ApplyVC.m in Sources */ = {isa = PBXBuildFile; fileRef = 16AD808220BECB40005F99BC /* ApplyVC.m */; };
		16AD808520BECB40005F99BC /* ApplyVC.m in Sources */ = {isa = PBXBuildFile; fileRef = 16AD808220BECB40005F99BC /* ApplyVC.m */; };
		16AD808820BECB57005F99BC /* AssetsVC.m in Sources */ = {isa = PBXBuildFile; fileRef = 16AD808720BECB57005F99BC /* AssetsVC.m */; };
		16AD808920BECB57005F99BC /* AssetsVC.m in Sources */ = {isa = PBXBuildFile; fileRef = 16AD808720BECB57005F99BC /* AssetsVC.m */; };
		16AD808A20BECB57005F99BC /* AssetsVC.m in Sources */ = {isa = PBXBuildFile; fileRef = 16AD808720BECB57005F99BC /* AssetsVC.m */; };
		16AD808D20BECB9D005F99BC /* MineVC.m in Sources */ = {isa = PBXBuildFile; fileRef = 16AD808C20BECB9D005F99BC /* MineVC.m */; };
		16AD808E20BECB9D005F99BC /* MineVC.m in Sources */ = {isa = PBXBuildFile; fileRef = 16AD808C20BECB9D005F99BC /* MineVC.m */; };
		16AD808F20BECB9D005F99BC /* MineVC.m in Sources */ = {isa = PBXBuildFile; fileRef = 16AD808C20BECB9D005F99BC /* MineVC.m */; };
/* End PBXBuildFile section */

/* Begin PBXContainerItemProxy section */
		16AD802B20BEC365005F99BC /* PBXContainerItemProxy */ = {
			isa = PBXContainerItemProxy;
			containerPortal = 16AD800A20BEC365005F99BC /* Project object */;
			proxyType = 1;
			remoteGlobalIDString = 16AD801120BEC365005F99BC;
			remoteInfo = storehouse;
		};
		16AD803620BEC365005F99BC /* PBXContainerItemProxy */ = {
			isa = PBXContainerItemProxy;
			containerPortal = 16AD800A20BEC365005F99BC /* Project object */;
			proxyType = 1;
			remoteGlobalIDString = 16AD801120BEC365005F99BC;
			remoteInfo = storehouse;
		};
/* End PBXContainerItemProxy section */

/* Begin PBXFileReference section */
		161E57D720CF77A6006B57B2 /* CPXCommonLabel.h */ = {isa = PBXFileReference; fileEncoding = 4; lastKnownFileType = sourcecode.c.h; path = CPXCommonLabel.h; sourceTree = "<group>"; };
		161E57D820CF77A6006B57B2 /* CPXCommonLabel.m */ = {isa = PBXFileReference; fileEncoding = 4; lastKnownFileType = sourcecode.c.objc; path = CPXCommonLabel.m; sourceTree = "<group>"; };
		161E57DC20CFA278006B57B2 /* LaunchMainHeaderView.h */ = {isa = PBXFileReference; lastKnownFileType = sourcecode.c.h; path = LaunchMainHeaderView.h; sourceTree = "<group>"; };
		161E57DD20CFA278006B57B2 /* LaunchMainHeaderView.m */ = {isa = PBXFileReference; lastKnownFileType = sourcecode.c.objc; path = LaunchMainHeaderView.m; sourceTree = "<group>"; };
		162E471B20C68D5400DED9B2 /* FunctionListFlowLayout.h */ = {isa = PBXFileReference; lastKnownFileType = sourcecode.c.h; path = FunctionListFlowLayout.h; sourceTree = "<group>"; };
		162E471C20C68D5400DED9B2 /* FunctionListFlowLayout.m */ = {isa = PBXFileReference; lastKnownFileType = sourcecode.c.objc; path = FunctionListFlowLayout.m; sourceTree = "<group>"; };
		162E472020C68E8900DED9B2 /* HomeFunctionCollectionViewCell.h */ = {isa = PBXFileReference; lastKnownFileType = sourcecode.c.h; path = HomeFunctionCollectionViewCell.h; sourceTree = "<group>"; };
		162E472120C68E8900DED9B2 /* HomeFunctionCollectionViewCell.m */ = {isa = PBXFileReference; lastKnownFileType = sourcecode.c.objc; path = HomeFunctionCollectionViewCell.m; sourceTree = "<group>"; };
		162E472520C690C400DED9B2 /* HomeFunctionListModel.h */ = {isa = PBXFileReference; lastKnownFileType = sourcecode.c.h; path = HomeFunctionListModel.h; sourceTree = "<group>"; };
		162E472620C690C400DED9B2 /* HomeFunctionListModel.m */ = {isa = PBXFileReference; lastKnownFileType = sourcecode.c.objc; path = HomeFunctionListModel.m; sourceTree = "<group>"; };
		162E472A20C6915200DED9B2 /* HomeFunctionList.plist */ = {isa = PBXFileReference; lastKnownFileType = text.plist.xml; path = HomeFunctionList.plist; sourceTree = "<group>"; };
		162E472F20C6954C00DED9B2 /* NSArray+Addition.h */ = {isa = PBXFileReference; fileEncoding = 4; lastKnownFileType = sourcecode.c.h; path = "NSArray+Addition.h"; sourceTree = "<group>"; };
		162E473020C6954C00DED9B2 /* NSArray+Addition.m */ = {isa = PBXFileReference; fileEncoding = 4; lastKnownFileType = sourcecode.c.objc; path = "NSArray+Addition.m"; sourceTree = "<group>"; };
		162E473420C6957C00DED9B2 /* NSObject+Addition.m */ = {isa = PBXFileReference; fileEncoding = 4; lastKnownFileType = sourcecode.c.objc; path = "NSObject+Addition.m"; sourceTree = "<group>"; };
		162E473520C6957C00DED9B2 /* NSObject+Addition.h */ = {isa = PBXFileReference; fileEncoding = 4; lastKnownFileType = sourcecode.c.h; path = "NSObject+Addition.h"; sourceTree = "<group>"; };
		162E473920C7B43E00DED9B2 /* HomeNoticeNewsTVCell.h */ = {isa = PBXFileReference; lastKnownFileType = sourcecode.c.h; path = HomeNoticeNewsTVCell.h; sourceTree = "<group>"; };
		162E473A20C7B43E00DED9B2 /* HomeNoticeNewsTVCell.m */ = {isa = PBXFileReference; lastKnownFileType = sourcecode.c.objc; path = HomeNoticeNewsTVCell.m; sourceTree = "<group>"; };
		162E473E20C7B60B00DED9B2 /* UILabel+Addition.m */ = {isa = PBXFileReference; fileEncoding = 4; lastKnownFileType = sourcecode.c.objc; path = "UILabel+Addition.m"; sourceTree = "<group>"; };
		162E473F20C7B60C00DED9B2 /* UILabel+Addition.h */ = {isa = PBXFileReference; fileEncoding = 4; lastKnownFileType = sourcecode.c.h; path = "UILabel+Addition.h"; sourceTree = "<group>"; };
		162E474620C7DEA500DED9B2 /* LaunchMainHeaderButtonView.h */ = {isa = PBXFileReference; lastKnownFileType = sourcecode.c.h; path = LaunchMainHeaderButtonView.h; sourceTree = "<group>"; };
		162E474720C7DEA500DED9B2 /* LaunchMainHeaderButtonView.m */ = {isa = PBXFileReference; lastKnownFileType = sourcecode.c.objc; path = LaunchMainHeaderButtonView.m; sourceTree = "<group>"; };
		1654F30E2105BA60007EF7B0 /* LaunchBaseVC.h */ = {isa = PBXFileReference; lastKnownFileType = sourcecode.c.h; path = LaunchBaseVC.h; sourceTree = "<group>"; };
		1654F30F2105BA60007EF7B0 /* LaunchBaseVC.m */ = {isa = PBXFileReference; lastKnownFileType = sourcecode.c.objc; path = LaunchBaseVC.m; sourceTree = "<group>"; };
		1654F3112105C81A007EF7B0 /* LaunchPurchaseVC.h */ = {isa = PBXFileReference; lastKnownFileType = sourcecode.c.h; path = LaunchPurchaseVC.h; sourceTree = "<group>"; };
		1654F3122105C81A007EF7B0 /* LaunchPurchaseVC.m */ = {isa = PBXFileReference; lastKnownFileType = sourcecode.c.objc; path = LaunchPurchaseVC.m; sourceTree = "<group>"; };
		1654F3142105C916007EF7B0 /* LaunchBaseTVCell.h */ = {isa = PBXFileReference; lastKnownFileType = sourcecode.c.h; path = LaunchBaseTVCell.h; sourceTree = "<group>"; };
		1654F3152105C916007EF7B0 /* LaunchBaseTVCell.m */ = {isa = PBXFileReference; lastKnownFileType = sourcecode.c.objc; path = LaunchBaseTVCell.m; sourceTree = "<group>"; };
		1654F31A21070DC5007EF7B0 /* ZWPullMenuCell.h */ = {isa = PBXFileReference; fileEncoding = 4; lastKnownFileType = sourcecode.c.h; path = ZWPullMenuCell.h; sourceTree = "<group>"; };
		1654F31B21070DC5007EF7B0 /* ZWPullMenuCell.m */ = {isa = PBXFileReference; fileEncoding = 4; lastKnownFileType = sourcecode.c.objc; path = ZWPullMenuCell.m; sourceTree = "<group>"; };
		1654F31C21070DC5007EF7B0 /* ZWPullMenuCell.xib */ = {isa = PBXFileReference; fileEncoding = 4; lastKnownFileType = file.xib; path = ZWPullMenuCell.xib; sourceTree = "<group>"; };
		1654F31D21070DC5007EF7B0 /* ZWPullMenuModel.h */ = {isa = PBXFileReference; fileEncoding = 4; lastKnownFileType = sourcecode.c.h; path = ZWPullMenuModel.h; sourceTree = "<group>"; };
		1654F31E21070DC5007EF7B0 /* ZWPullMenuModel.m */ = {isa = PBXFileReference; fileEncoding = 4; lastKnownFileType = sourcecode.c.objc; path = ZWPullMenuModel.m; sourceTree = "<group>"; };
		1654F31F21070DC5007EF7B0 /* ZWPullMenuView.h */ = {isa = PBXFileReference; fileEncoding = 4; lastKnownFileType = sourcecode.c.h; path = ZWPullMenuView.h; sourceTree = "<group>"; };
		1654F32021070DC5007EF7B0 /* ZWPullMenuView.m */ = {isa = PBXFileReference; fileEncoding = 4; lastKnownFileType = sourcecode.c.objc; path = ZWPullMenuView.m; sourceTree = "<group>"; };
		16872812210EF897004E9250 /* LaunchGetUseVC.h */ = {isa = PBXFileReference; lastKnownFileType = sourcecode.c.h; path = LaunchGetUseVC.h; sourceTree = "<group>"; };
		16872813210EF897004E9250 /* LaunchGetUseVC.m */ = {isa = PBXFileReference; lastKnownFileType = sourcecode.c.objc; path = LaunchGetUseVC.m; sourceTree = "<group>"; };
		1687281C21105E59004E9250 /* LaunchFormTVCell.h */ = {isa = PBXFileReference; lastKnownFileType = sourcecode.c.h; path = LaunchFormTVCell.h; sourceTree = "<group>"; };
		1687281D21105E59004E9250 /* LaunchFormTVCell.m */ = {isa = PBXFileReference; lastKnownFileType = sourcecode.c.objc; path = LaunchFormTVCell.m; sourceTree = "<group>"; };
		168728212111933C004E9250 /* LaunchRepairVC.h */ = {isa = PBXFileReference; lastKnownFileType = sourcecode.c.h; path = LaunchRepairVC.h; sourceTree = "<group>"; };
		168728222111933C004E9250 /* LaunchRepairVC.m */ = {isa = PBXFileReference; lastKnownFileType = sourcecode.c.objc; path = LaunchRepairVC.m; sourceTree = "<group>"; };
		16872826211196CA004E9250 /* LaunchScrapVC.h */ = {isa = PBXFileReference; lastKnownFileType = sourcecode.c.h; path = LaunchScrapVC.h; sourceTree = "<group>"; };
		16872827211196CA004E9250 /* LaunchScrapVC.m */ = {isa = PBXFileReference; lastKnownFileType = sourcecode.c.objc; path = LaunchScrapVC.m; sourceTree = "<group>"; };
		1687282B21119FA1004E9250 /* LaunchRetiringVC.h */ = {isa = PBXFileReference; lastKnownFileType = sourcecode.c.h; path = LaunchRetiringVC.h; sourceTree = "<group>"; };
		1687282C21119FA1004E9250 /* LaunchRetiringVC.m */ = {isa = PBXFileReference; lastKnownFileType = sourcecode.c.objc; path = LaunchRetiringVC.m; sourceTree = "<group>"; };
		16AD801220BEC365005F99BC /* storehouse.app */ = {isa = PBXFileReference; explicitFileType = wrapper.application; includeInIndex = 0; path = storehouse.app; sourceTree = BUILT_PRODUCTS_DIR; };
		16AD801E20BEC365005F99BC /* Assets.xcassets */ = {isa = PBXFileReference; lastKnownFileType = folder.assetcatalog; path = Assets.xcassets; sourceTree = "<group>"; };
		16AD802120BEC365005F99BC /* Base */ = {isa = PBXFileReference; lastKnownFileType = file.storyboard; name = Base; path = Base.lproj/LaunchScreen.storyboard; sourceTree = "<group>"; };
		16AD802A20BEC365005F99BC /* storehouseTests.xctest */ = {isa = PBXFileReference; explicitFileType = wrapper.cfbundle; includeInIndex = 0; path = storehouseTests.xctest; sourceTree = BUILT_PRODUCTS_DIR; };
		16AD802E20BEC365005F99BC /* storehouseTests.m */ = {isa = PBXFileReference; lastKnownFileType = sourcecode.c.objc; path = storehouseTests.m; sourceTree = "<group>"; };
		16AD803020BEC365005F99BC /* Info.plist */ = {isa = PBXFileReference; lastKnownFileType = text.plist.xml; path = Info.plist; sourceTree = "<group>"; };
		16AD803520BEC365005F99BC /* storehouseUITests.xctest */ = {isa = PBXFileReference; explicitFileType = wrapper.cfbundle; includeInIndex = 0; path = storehouseUITests.xctest; sourceTree = BUILT_PRODUCTS_DIR; };
		16AD803920BEC365005F99BC /* storehouseUITests.m */ = {isa = PBXFileReference; lastKnownFileType = sourcecode.c.objc; path = storehouseUITests.m; sourceTree = "<group>"; };
		16AD803B20BEC365005F99BC /* Info.plist */ = {isa = PBXFileReference; lastKnownFileType = text.plist.xml; path = Info.plist; sourceTree = "<group>"; };
		16AD805120BEC9AC005F99BC /* UIColor+Extension.h */ = {isa = PBXFileReference; fileEncoding = 4; lastKnownFileType = sourcecode.c.h; path = "UIColor+Extension.h"; sourceTree = "<group>"; };
		16AD805220BEC9AC005F99BC /* HttpClient.m */ = {isa = PBXFileReference; fileEncoding = 4; lastKnownFileType = sourcecode.c.objc; path = HttpClient.m; sourceTree = "<group>"; };
		16AD805320BEC9AC005F99BC /* UIColor+Extension.m */ = {isa = PBXFileReference; fileEncoding = 4; lastKnownFileType = sourcecode.c.objc; path = "UIColor+Extension.m"; sourceTree = "<group>"; };
		16AD805420BEC9AC005F99BC /* HttpClient.h */ = {isa = PBXFileReference; fileEncoding = 4; lastKnownFileType = sourcecode.c.h; path = HttpClient.h; sourceTree = "<group>"; };
		16AD805B20BEC9E9005F99BC /* Info.plist */ = {isa = PBXFileReference; fileEncoding = 4; lastKnownFileType = text.plist.xml; path = Info.plist; sourceTree = "<group>"; };
		16AD805C20BEC9E9005F99BC /* main.m */ = {isa = PBXFileReference; fileEncoding = 4; lastKnownFileType = sourcecode.c.objc; path = main.m; sourceTree = "<group>"; };
		16AD806320BECA10005F99BC /* AppDelegate.m */ = {isa = PBXFileReference; fileEncoding = 4; lastKnownFileType = sourcecode.c.objc; path = AppDelegate.m; sourceTree = "<group>"; };
		16AD806420BECA10005F99BC /* AppDelegate.h */ = {isa = PBXFileReference; fileEncoding = 4; lastKnownFileType = sourcecode.c.h; path = AppDelegate.h; sourceTree = "<group>"; };
		16AD806820BECA67005F99BC /* YYNavigationController.m */ = {isa = PBXFileReference; fileEncoding = 4; lastKnownFileType = sourcecode.c.objc; path = YYNavigationController.m; sourceTree = "<group>"; };
		16AD806920BECA67005F99BC /* YYTabBarController.m */ = {isa = PBXFileReference; fileEncoding = 4; lastKnownFileType = sourcecode.c.objc; path = YYTabBarController.m; sourceTree = "<group>"; };
		16AD806A20BECA67005F99BC /* YYTabBarItem.h */ = {isa = PBXFileReference; fileEncoding = 4; lastKnownFileType = sourcecode.c.h; path = YYTabBarItem.h; sourceTree = "<group>"; };
		16AD806B20BECA67005F99BC /* YYTabBar.m */ = {isa = PBXFileReference; fileEncoding = 4; lastKnownFileType = sourcecode.c.objc; path = YYTabBar.m; sourceTree = "<group>"; };
		16AD806C20BECA67005F99BC /* YYTabBar.h */ = {isa = PBXFileReference; fileEncoding = 4; lastKnownFileType = sourcecode.c.h; path = YYTabBar.h; sourceTree = "<group>"; };
		16AD806D20BECA67005F99BC /* YYNavigationController.h */ = {isa = PBXFileReference; fileEncoding = 4; lastKnownFileType = sourcecode.c.h; path = YYNavigationController.h; sourceTree = "<group>"; };
		16AD806E20BECA67005F99BC /* YYTabBarItem.m */ = {isa = PBXFileReference; fileEncoding = 4; lastKnownFileType = sourcecode.c.objc; path = YYTabBarItem.m; sourceTree = "<group>"; };
		16AD806F20BECA67005F99BC /* YYTabBarController.h */ = {isa = PBXFileReference; fileEncoding = 4; lastKnownFileType = sourcecode.c.h; path = YYTabBarController.h; sourceTree = "<group>"; };
		16AD807C20BECB2A005F99BC /* HomeVC.h */ = {isa = PBXFileReference; lastKnownFileType = sourcecode.c.h; path = HomeVC.h; sourceTree = "<group>"; };
		16AD807D20BECB2A005F99BC /* HomeVC.m */ = {isa = PBXFileReference; lastKnownFileType = sourcecode.c.objc; path = HomeVC.m; sourceTree = "<group>"; };
		16AD808120BECB40005F99BC /* ApplyVC.h */ = {isa = PBXFileReference; lastKnownFileType = sourcecode.c.h; path = ApplyVC.h; sourceTree = "<group>"; };
		16AD808220BECB40005F99BC /* ApplyVC.m */ = {isa = PBXFileReference; lastKnownFileType = sourcecode.c.objc; path = ApplyVC.m; sourceTree = "<group>"; };
		16AD808620BECB57005F99BC /* AssetsVC.h */ = {isa = PBXFileReference; lastKnownFileType = sourcecode.c.h; path = AssetsVC.h; sourceTree = "<group>"; };
		16AD808720BECB57005F99BC /* AssetsVC.m */ = {isa = PBXFileReference; lastKnownFileType = sourcecode.c.objc; path = AssetsVC.m; sourceTree = "<group>"; };
		16AD808B20BECB9D005F99BC /* MineVC.h */ = {isa = PBXFileReference; lastKnownFileType = sourcecode.c.h; path = MineVC.h; sourceTree = "<group>"; };
		16AD808C20BECB9D005F99BC /* MineVC.m */ = {isa = PBXFileReference; lastKnownFileType = sourcecode.c.objc; path = MineVC.m; sourceTree = "<group>"; };
		16AD809020BECD81005F99BC /* YYDefine.pch */ = {isa = PBXFileReference; fileEncoding = 4; lastKnownFileType = sourcecode.c.h; path = YYDefine.pch; sourceTree = "<group>"; };
		212B960CE912910091530F99 /* Pods-storehouse.release.xcconfig */ = {isa = PBXFileReference; includeInIndex = 1; lastKnownFileType = text.xcconfig; name = "Pods-storehouse.release.xcconfig"; path = "Pods/Target Support Files/Pods-storehouse/Pods-storehouse.release.xcconfig"; sourceTree = "<group>"; };
		442D31F317C0ED0A9AC4F63B /* Pods-storehouse.debug.xcconfig */ = {isa = PBXFileReference; includeInIndex = 1; lastKnownFileType = text.xcconfig; name = "Pods-storehouse.debug.xcconfig"; path = "Pods/Target Support Files/Pods-storehouse/Pods-storehouse.debug.xcconfig"; sourceTree = "<group>"; };
		808DADAF1408E9BDF5A7FCE3 /* libPods-storehouse.a */ = {isa = PBXFileReference; explicitFileType = archive.ar; includeInIndex = 0; path = "libPods-storehouse.a"; sourceTree = BUILT_PRODUCTS_DIR; };
/* End PBXFileReference section */

/* Begin PBXFrameworksBuildPhase section */
		16AD800F20BEC365005F99BC /* Frameworks */ = {
			isa = PBXFrameworksBuildPhase;
			buildActionMask = 2147483647;
			files = (
				0AEBCB212531DE9BDCCCA74D /* libPods-storehouse.a in Frameworks */,
			);
			runOnlyForDeploymentPostprocessing = 0;
		};
		16AD802720BEC365005F99BC /* Frameworks */ = {
			isa = PBXFrameworksBuildPhase;
			buildActionMask = 2147483647;
			files = (
			);
			runOnlyForDeploymentPostprocessing = 0;
		};
		16AD803220BEC365005F99BC /* Frameworks */ = {
			isa = PBXFrameworksBuildPhase;
			buildActionMask = 2147483647;
			files = (
			);
			runOnlyForDeploymentPostprocessing = 0;
		};
/* End PBXFrameworksBuildPhase section */

/* Begin PBXGroup section */
		001E052C8B01C27FE49DD727 /* Pods */ = {
			isa = PBXGroup;
			children = (
				442D31F317C0ED0A9AC4F63B /* Pods-storehouse.debug.xcconfig */,
				212B960CE912910091530F99 /* Pods-storehouse.release.xcconfig */,
			);
			name = Pods;
			sourceTree = "<group>";
		};
		162E471820C68A5200DED9B2 /* M */ = {
			isa = PBXGroup;
			children = (
				162E472A20C6915200DED9B2 /* HomeFunctionList.plist */,
				162E472520C690C400DED9B2 /* HomeFunctionListModel.h */,
				162E472620C690C400DED9B2 /* HomeFunctionListModel.m */,
			);
			path = M;
			sourceTree = "<group>";
		};
		162E471920C68A5E00DED9B2 /* V */ = {
			isa = PBXGroup;
			children = (
				162E471B20C68D5400DED9B2 /* FunctionListFlowLayout.h */,
				162E471C20C68D5400DED9B2 /* FunctionListFlowLayout.m */,
				162E472020C68E8900DED9B2 /* HomeFunctionCollectionViewCell.h */,
				162E472120C68E8900DED9B2 /* HomeFunctionCollectionViewCell.m */,
				162E473920C7B43E00DED9B2 /* HomeNoticeNewsTVCell.h */,
				162E473A20C7B43E00DED9B2 /* HomeNoticeNewsTVCell.m */,
			);
			path = V;
			sourceTree = "<group>";
		};
		162E471A20C68A6700DED9B2 /* C */ = {
			isa = PBXGroup;
			children = (
				16AD807C20BECB2A005F99BC /* HomeVC.h */,
				16AD807D20BECB2A005F99BC /* HomeVC.m */,
			);
			path = C;
			sourceTree = "<group>";
		};
		162E472E20C6952F00DED9B2 /* Tools */ = {
			isa = PBXGroup;
			children = (
				162E472F20C6954C00DED9B2 /* NSArray+Addition.h */,
				162E473020C6954C00DED9B2 /* NSArray+Addition.m */,
				162E473520C6957C00DED9B2 /* NSObject+Addition.h */,
				162E473420C6957C00DED9B2 /* NSObject+Addition.m */,
			);
			path = Tools;
			sourceTree = "<group>";
		};
		162E474320C7DC6A00DED9B2 /* M */ = {
			isa = PBXGroup;
			children = (
			);
			path = M;
			sourceTree = "<group>";
		};
		162E474420C7DC7900DED9B2 /* V */ = {
			isa = PBXGroup;
			children = (
				161E57DC20CFA278006B57B2 /* LaunchMainHeaderView.h */,
				161E57DD20CFA278006B57B2 /* LaunchMainHeaderView.m */,
				162E474620C7DEA500DED9B2 /* LaunchMainHeaderButtonView.h */,
				162E474720C7DEA500DED9B2 /* LaunchMainHeaderButtonView.m */,
				1654F3142105C916007EF7B0 /* LaunchBaseTVCell.h */,
				1654F3152105C916007EF7B0 /* LaunchBaseTVCell.m */,
				1687281C21105E59004E9250 /* LaunchFormTVCell.h */,
				1687281D21105E59004E9250 /* LaunchFormTVCell.m */,
			);
			path = V;
			sourceTree = "<group>";
		};
		162E474520C7DC7F00DED9B2 /* C */ = {
			isa = PBXGroup;
			children = (
				16AD808120BECB40005F99BC /* ApplyVC.h */,
				16AD808220BECB40005F99BC /* ApplyVC.m */,
				1654F30E2105BA60007EF7B0 /* LaunchBaseVC.h */,
				1654F30F2105BA60007EF7B0 /* LaunchBaseVC.m */,
				1654F3112105C81A007EF7B0 /* LaunchPurchaseVC.h */,
				1654F3122105C81A007EF7B0 /* LaunchPurchaseVC.m */,
				16872812210EF897004E9250 /* LaunchGetUseVC.h */,
				16872813210EF897004E9250 /* LaunchGetUseVC.m */,
				168728212111933C004E9250 /* LaunchRepairVC.h */,
				168728222111933C004E9250 /* LaunchRepairVC.m */,
				16872826211196CA004E9250 /* LaunchScrapVC.h */,
				16872827211196CA004E9250 /* LaunchScrapVC.m */,
				1687282B21119FA1004E9250 /* LaunchRetiringVC.h */,
				1687282C21119FA1004E9250 /* LaunchRetiringVC.m */,
			);
			path = C;
			sourceTree = "<group>";
		};
		1654F31921070DC5007EF7B0 /* ZWPullMenuView */ = {
			isa = PBXGroup;
			children = (
				1654F31A21070DC5007EF7B0 /* ZWPullMenuCell.h */,
				1654F31B21070DC5007EF7B0 /* ZWPullMenuCell.m */,
				1654F31C21070DC5007EF7B0 /* ZWPullMenuCell.xib */,
				1654F31D21070DC5007EF7B0 /* ZWPullMenuModel.h */,
				1654F31E21070DC5007EF7B0 /* ZWPullMenuModel.m */,
				1654F31F21070DC5007EF7B0 /* ZWPullMenuView.h */,
				1654F32021070DC5007EF7B0 /* ZWPullMenuView.m */,
			);
			path = ZWPullMenuView;
			sourceTree = "<group>";
		};
		16AD800920BEC365005F99BC = {
			isa = PBXGroup;
			children = (
				16AD801420BEC365005F99BC /* storehouse */,
				16AD802D20BEC365005F99BC /* storehouseTests */,
				16AD803820BEC365005F99BC /* storehouseUITests */,
				16AD801320BEC365005F99BC /* Products */,
				001E052C8B01C27FE49DD727 /* Pods */,
				C3FB70D3CD9E4C0CCBD60719 /* Frameworks */,
			);
			sourceTree = "<group>";
		};
		16AD801320BEC365005F99BC /* Products */ = {
			isa = PBXGroup;
			children = (
				16AD801220BEC365005F99BC /* storehouse.app */,
				16AD802A20BEC365005F99BC /* storehouseTests.xctest */,
				16AD803520BEC365005F99BC /* storehouseUITests.xctest */,
			);
			name = Products;
			sourceTree = "<group>";
		};
		16AD801420BEC365005F99BC /* storehouse */ = {
			isa = PBXGroup;
			children = (
				16AD804720BEC74A005F99BC /* Root_Tools */,
				16AD804920BEC76D005F99BC /* Classes */,
				16AD805B20BEC9E9005F99BC /* Info.plist */,
				16AD804A20BEC792005F99BC /* Supporting Files */,
				16AD801E20BEC365005F99BC /* Assets.xcassets */,
				16AD802020BEC365005F99BC /* LaunchScreen.storyboard */,
			);
			path = storehouse;
			sourceTree = "<group>";
		};
		16AD802D20BEC365005F99BC /* storehouseTests */ = {
			isa = PBXGroup;
			children = (
				16AD802E20BEC365005F99BC /* storehouseTests.m */,
				16AD803020BEC365005F99BC /* Info.plist */,
			);
			path = storehouseTests;
			sourceTree = "<group>";
		};
		16AD803820BEC365005F99BC /* storehouseUITests */ = {
			isa = PBXGroup;
			children = (
				16AD803920BEC365005F99BC /* storehouseUITests.m */,
				16AD803B20BEC365005F99BC /* Info.plist */,
			);
			path = storehouseUITests;
			sourceTree = "<group>";
		};
		16AD804720BEC74A005F99BC /* Root_Tools */ = {
			isa = PBXGroup;
			children = (
				161E57D720CF77A6006B57B2 /* CPXCommonLabel.h */,
				161E57D820CF77A6006B57B2 /* CPXCommonLabel.m */,
				162E473F20C7B60C00DED9B2 /* UILabel+Addition.h */,
				162E473E20C7B60B00DED9B2 /* UILabel+Addition.m */,
				16AD805420BEC9AC005F99BC /* HttpClient.h */,
				16AD805220BEC9AC005F99BC /* HttpClient.m */,
				16AD805120BEC9AC005F99BC /* UIColor+Extension.h */,
				16AD805320BEC9AC005F99BC /* UIColor+Extension.m */,
			);
			path = Root_Tools;
			sourceTree = "<group>";
		};
		16AD804920BEC76D005F99BC /* Classes */ = {
			isa = PBXGroup;
			children = (
				1654F31921070DC5007EF7B0 /* ZWPullMenuView */,
				16AD804B20BEC7B3005F99BC /* App delegate */,
				16AD804C20BEC7C6005F99BC /* TabBarAndNav */,
				16AD804D20BEC808005F99BC /* Home */,
				16AD804E20BEC814005F99BC /* Apply */,
				16AD804F20BEC81E005F99BC /* Approval */,
				16AD805020BEC8BE005F99BC /* Mine */,
			);
			path = Classes;
			sourceTree = "<group>";
		};
		16AD804A20BEC792005F99BC /* Supporting Files */ = {
			isa = PBXGroup;
			children = (
				16AD809020BECD81005F99BC /* YYDefine.pch */,
				16AD805C20BEC9E9005F99BC /* main.m */,
			);
			path = "Supporting Files";
			sourceTree = "<group>";
		};
		16AD804B20BEC7B3005F99BC /* App delegate */ = {
			isa = PBXGroup;
			children = (
				16AD806420BECA10005F99BC /* AppDelegate.h */,
				16AD806320BECA10005F99BC /* AppDelegate.m */,
			);
			path = "App delegate";
			sourceTree = "<group>";
		};
		16AD804C20BEC7C6005F99BC /* TabBarAndNav */ = {
			isa = PBXGroup;
			children = (
				16AD806D20BECA67005F99BC /* YYNavigationController.h */,
				16AD806820BECA67005F99BC /* YYNavigationController.m */,
				16AD806C20BECA67005F99BC /* YYTabBar.h */,
				16AD806B20BECA67005F99BC /* YYTabBar.m */,
				16AD806F20BECA67005F99BC /* YYTabBarController.h */,
				16AD806920BECA67005F99BC /* YYTabBarController.m */,
				16AD806A20BECA67005F99BC /* YYTabBarItem.h */,
				16AD806E20BECA67005F99BC /* YYTabBarItem.m */,
			);
			path = TabBarAndNav;
			sourceTree = "<group>";
		};
		16AD804D20BEC808005F99BC /* Home */ = {
			isa = PBXGroup;
			children = (
				162E472E20C6952F00DED9B2 /* Tools */,
				162E471A20C68A6700DED9B2 /* C */,
				162E471920C68A5E00DED9B2 /* V */,
				162E471820C68A5200DED9B2 /* M */,
			);
			path = Home;
			sourceTree = "<group>";
		};
		16AD804E20BEC814005F99BC /* Apply */ = {
			isa = PBXGroup;
			children = (
				162E474520C7DC7F00DED9B2 /* C */,
				162E474420C7DC7900DED9B2 /* V */,
				162E474320C7DC6A00DED9B2 /* M */,
			);
			path = Apply;
			sourceTree = "<group>";
		};
		16AD804F20BEC81E005F99BC /* Approval */ = {
			isa = PBXGroup;
			children = (
				16AD808620BECB57005F99BC /* AssetsVC.h */,
				16AD808720BECB57005F99BC /* AssetsVC.m */,
			);
			path = Approval;
			sourceTree = "<group>";
		};
		16AD805020BEC8BE005F99BC /* Mine */ = {
			isa = PBXGroup;
			children = (
				16AD808B20BECB9D005F99BC /* MineVC.h */,
				16AD808C20BECB9D005F99BC /* MineVC.m */,
			);
			path = Mine;
			sourceTree = "<group>";
		};
		C3FB70D3CD9E4C0CCBD60719 /* Frameworks */ = {
			isa = PBXGroup;
			children = (
				808DADAF1408E9BDF5A7FCE3 /* libPods-storehouse.a */,
			);
			name = Frameworks;
			sourceTree = "<group>";
		};
/* End PBXGroup section */

/* Begin PBXNativeTarget section */
		16AD801120BEC365005F99BC /* storehouse */ = {
			isa = PBXNativeTarget;
			buildConfigurationList = 16AD803E20BEC365005F99BC /* Build configuration list for PBXNativeTarget "storehouse" */;
			buildPhases = (
				B71792131F0C2C87967DE0D7 /* [CP] Check Pods Manifest.lock */,
				16AD800E20BEC365005F99BC /* Sources */,
				16AD800F20BEC365005F99BC /* Frameworks */,
				16AD801020BEC365005F99BC /* Resources */,
				9159DAF875C372986E6A21E6 /* [CP] Embed Pods Frameworks */,
				73ECDD25599523E6909FA11B /* [CP] Copy Pods Resources */,
			);
			buildRules = (
			);
			dependencies = (
			);
			name = storehouse;
			productName = storehouse;
			productReference = 16AD801220BEC365005F99BC /* storehouse.app */;
			productType = "com.apple.product-type.application";
		};
		16AD802920BEC365005F99BC /* storehouseTests */ = {
			isa = PBXNativeTarget;
			buildConfigurationList = 16AD804120BEC365005F99BC /* Build configuration list for PBXNativeTarget "storehouseTests" */;
			buildPhases = (
				16AD802620BEC365005F99BC /* Sources */,
				16AD802720BEC365005F99BC /* Frameworks */,
				16AD802820BEC365005F99BC /* Resources */,
			);
			buildRules = (
			);
			dependencies = (
				16AD802C20BEC365005F99BC /* PBXTargetDependency */,
			);
			name = storehouseTests;
			productName = storehouseTests;
			productReference = 16AD802A20BEC365005F99BC /* storehouseTests.xctest */;
			productType = "com.apple.product-type.bundle.unit-test";
		};
		16AD803420BEC365005F99BC /* storehouseUITests */ = {
			isa = PBXNativeTarget;
			buildConfigurationList = 16AD804420BEC365005F99BC /* Build configuration list for PBXNativeTarget "storehouseUITests" */;
			buildPhases = (
				16AD803120BEC365005F99BC /* Sources */,
				16AD803220BEC365005F99BC /* Frameworks */,
				16AD803320BEC365005F99BC /* Resources */,
			);
			buildRules = (
			);
			dependencies = (
				16AD803720BEC365005F99BC /* PBXTargetDependency */,
			);
			name = storehouseUITests;
			productName = storehouseUITests;
			productReference = 16AD803520BEC365005F99BC /* storehouseUITests.xctest */;
			productType = "com.apple.product-type.bundle.ui-testing";
		};
/* End PBXNativeTarget section */

/* Begin PBXProject section */
		16AD800A20BEC365005F99BC /* Project object */ = {
			isa = PBXProject;
			attributes = {
				LastUpgradeCheck = 0920;
				ORGANIZATIONNAME = wanyu;
				TargetAttributes = {
					16AD801120BEC365005F99BC = {
						CreatedOnToolsVersion = 9.2;
						ProvisioningStyle = Automatic;
					};
					16AD802920BEC365005F99BC = {
						CreatedOnToolsVersion = 9.2;
						ProvisioningStyle = Automatic;
						TestTargetID = 16AD801120BEC365005F99BC;
					};
					16AD803420BEC365005F99BC = {
						CreatedOnToolsVersion = 9.2;
						ProvisioningStyle = Automatic;
						TestTargetID = 16AD801120BEC365005F99BC;
					};
				};
			};
			buildConfigurationList = 16AD800D20BEC365005F99BC /* Build configuration list for PBXProject "storehouse" */;
			compatibilityVersion = "Xcode 8.0";
			developmentRegion = en;
			hasScannedForEncodings = 0;
			knownRegions = (
				en,
				Base,
			);
			mainGroup = 16AD800920BEC365005F99BC;
			productRefGroup = 16AD801320BEC365005F99BC /* Products */;
			projectDirPath = "";
			projectRoot = "";
			targets = (
				16AD801120BEC365005F99BC /* storehouse */,
				16AD802920BEC365005F99BC /* storehouseTests */,
				16AD803420BEC365005F99BC /* storehouseUITests */,
			);
		};
/* End PBXProject section */

/* Begin PBXResourcesBuildPhase section */
		16AD801020BEC365005F99BC /* Resources */ = {
			isa = PBXResourcesBuildPhase;
			buildActionMask = 2147483647;
			files = (
				16AD802220BEC365005F99BC /* LaunchScreen.storyboard in Resources */,
				1654F32421070DC5007EF7B0 /* ZWPullMenuCell.xib in Resources */,
				16AD801F20BEC365005F99BC /* Assets.xcassets in Resources */,
				162E472B20C6915200DED9B2 /* HomeFunctionList.plist in Resources */,
				16AD805D20BEC9E9005F99BC /* Info.plist in Resources */,
			);
			runOnlyForDeploymentPostprocessing = 0;
		};
		16AD802820BEC365005F99BC /* Resources */ = {
			isa = PBXResourcesBuildPhase;
			buildActionMask = 2147483647;
			files = (
				162E472C20C6915200DED9B2 /* HomeFunctionList.plist in Resources */,
				1654F32521070DC5007EF7B0 /* ZWPullMenuCell.xib in Resources */,
				16AD805E20BEC9E9005F99BC /* Info.plist in Resources */,
			);
			runOnlyForDeploymentPostprocessing = 0;
		};
		16AD803320BEC365005F99BC /* Resources */ = {
			isa = PBXResourcesBuildPhase;
			buildActionMask = 2147483647;
			files = (
				162E472D20C6915200DED9B2 /* HomeFunctionList.plist in Resources */,
				1654F32621070DC5007EF7B0 /* ZWPullMenuCell.xib in Resources */,
				16AD805F20BEC9E9005F99BC /* Info.plist in Resources */,
			);
			runOnlyForDeploymentPostprocessing = 0;
		};
/* End PBXResourcesBuildPhase section */

/* Begin PBXShellScriptBuildPhase section */
		73ECDD25599523E6909FA11B /* [CP] Copy Pods Resources */ = {
			isa = PBXShellScriptBuildPhase;
			buildActionMask = 2147483647;
			files = (
			);
			inputPaths = (
				"${SRCROOT}/Pods/Target Support Files/Pods-storehouse/Pods-storehouse-resources.sh",
				"${PODS_ROOT}/MJRefresh/MJRefresh/MJRefresh.bundle",
			);
			name = "[CP] Copy Pods Resources";
			outputPaths = (
				"${TARGET_BUILD_DIR}/${UNLOCALIZED_RESOURCES_FOLDER_PATH}",
			);
			runOnlyForDeploymentPostprocessing = 0;
			shellPath = /bin/sh;
			shellScript = "\"${SRCROOT}/Pods/Target Support Files/Pods-storehouse/Pods-storehouse-resources.sh\"\n";
			showEnvVarsInLog = 0;
		};
		9159DAF875C372986E6A21E6 /* [CP] Embed Pods Frameworks */ = {
			isa = PBXShellScriptBuildPhase;
			buildActionMask = 2147483647;
			files = (
			);
			inputPaths = (
			);
			name = "[CP] Embed Pods Frameworks";
			outputPaths = (
			);
			runOnlyForDeploymentPostprocessing = 0;
			shellPath = /bin/sh;
			shellScript = "\"${SRCROOT}/Pods/Target Support Files/Pods-storehouse/Pods-storehouse-frameworks.sh\"\n";
			showEnvVarsInLog = 0;
		};
		B71792131F0C2C87967DE0D7 /* [CP] Check Pods Manifest.lock */ = {
			isa = PBXShellScriptBuildPhase;
			buildActionMask = 2147483647;
			files = (
			);
			inputPaths = (
				"${PODS_PODFILE_DIR_PATH}/Podfile.lock",
				"${PODS_ROOT}/Manifest.lock",
			);
			name = "[CP] Check Pods Manifest.lock";
			outputPaths = (
				"$(DERIVED_FILE_DIR)/Pods-storehouse-checkManifestLockResult.txt",
			);
			runOnlyForDeploymentPostprocessing = 0;
			shellPath = /bin/sh;
			shellScript = "diff \"${PODS_PODFILE_DIR_PATH}/Podfile.lock\" \"${PODS_ROOT}/Manifest.lock\" > /dev/null\nif [ $? != 0 ] ; then\n    # print error to STDERR\n    echo \"error: The sandbox is not in sync with the Podfile.lock. Run 'pod install' or update your CocoaPods installation.\" >&2\n    exit 1\nfi\n# This output is used by Xcode 'outputs' to avoid re-running this script phase.\necho \"SUCCESS\" > \"${SCRIPT_OUTPUT_FILE_0}\"\n";
			showEnvVarsInLog = 0;
		};
/* End PBXShellScriptBuildPhase section */

/* Begin PBXSourcesBuildPhase section */
		16AD800E20BEC365005F99BC /* Sources */ = {
			isa = PBXSourcesBuildPhase;
			buildActionMask = 2147483647;
			files = (
				168728232111933C004E9250 /* LaunchRepairVC.m in Sources */,
				16AD806520BECA10005F99BC /* AppDelegate.m in Sources */,
				16AD808320BECB40005F99BC /* ApplyVC.m in Sources */,
				162E471D20C68D5400DED9B2 /* FunctionListFlowLayout.m in Sources */,
				162E474820C7DEA500DED9B2 /* LaunchMainHeaderButtonView.m in Sources */,
				161E57D920CF77A6006B57B2 /* CPXCommonLabel.m in Sources */,
				1654F32A21070DC5007EF7B0 /* ZWPullMenuView.m in Sources */,
				16AD808820BECB57005F99BC /* AssetsVC.m in Sources */,
				162E473120C6954C00DED9B2 /* NSArray+Addition.m in Sources */,
				162E473620C6957C00DED9B2 /* NSObject+Addition.m in Sources */,
				1654F3162105C916007EF7B0 /* LaunchBaseTVCell.m in Sources */,
				16AD807320BECA67005F99BC /* YYTabBarController.m in Sources */,
				162E474020C7B60C00DED9B2 /* UILabel+Addition.m in Sources */,
				16AD805520BEC9AC005F99BC /* HttpClient.m in Sources */,
				1654F32121070DC5007EF7B0 /* ZWPullMenuCell.m in Sources */,
				16AD807E20BECB2A005F99BC /* HomeVC.m in Sources */,
				162E473B20C7B43E00DED9B2 /* HomeNoticeNewsTVCell.m in Sources */,
				161E57DE20CFA278006B57B2 /* LaunchMainHeaderView.m in Sources */,
				16AD806020BEC9E9005F99BC /* main.m in Sources */,
				16AD807620BECA67005F99BC /* YYTabBar.m in Sources */,
				16AD805820BEC9AC005F99BC /* UIColor+Extension.m in Sources */,
				16872814210EF897004E9250 /* LaunchGetUseVC.m in Sources */,
				162E472720C690C400DED9B2 /* HomeFunctionListModel.m in Sources */,
				16872828211196CA004E9250 /* LaunchScrapVC.m in Sources */,
				1687281E21105E59004E9250 /* LaunchFormTVCell.m in Sources */,
				162E472220C68E8900DED9B2 /* HomeFunctionCollectionViewCell.m in Sources */,
				16AD808D20BECB9D005F99BC /* MineVC.m in Sources */,
				1654F3132105C81A007EF7B0 /* LaunchPurchaseVC.m in Sources */,
				16AD807920BECA67005F99BC /* YYTabBarItem.m in Sources */,
				1654F3102105BA60007EF7B0 /* LaunchBaseVC.m in Sources */,
				1687282D21119FA1004E9250 /* LaunchRetiringVC.m in Sources */,
				16AD807020BECA67005F99BC /* YYNavigationController.m in Sources */,
				1654F32721070DC5007EF7B0 /* ZWPullMenuModel.m in Sources */,
			);
			runOnlyForDeploymentPostprocessing = 0;
		};
		16AD802620BEC365005F99BC /* Sources */ = {
			isa = PBXSourcesBuildPhase;
			buildActionMask = 2147483647;
			files = (
				162E473C20C7B43E00DED9B2 /* HomeNoticeNewsTVCell.m in Sources */,
				16AD805620BEC9AC005F99BC /* HttpClient.m in Sources */,
				162E471E20C68D5400DED9B2 /* FunctionListFlowLayout.m in Sources */,
				162E472320C68E8900DED9B2 /* HomeFunctionCollectionViewCell.m in Sources */,
				16AD808920BECB57005F99BC /* AssetsVC.m in Sources */,
				1687282E21119FA1004E9250 /* LaunchRetiringVC.m in Sources */,
				161E57DA20CF77A6006B57B2 /* CPXCommonLabel.m in Sources */,
				162E473220C6954C00DED9B2 /* NSArray+Addition.m in Sources */,
				16AD805920BEC9AC005F99BC /* UIColor+Extension.m in Sources */,
				16AD806120BEC9E9005F99BC /* main.m in Sources */,
				161E57DF20CFA278006B57B2 /* LaunchMainHeaderView.m in Sources */,
				1654F32221070DC5007EF7B0 /* ZWPullMenuCell.m in Sources */,
				16AD807F20BECB2A005F99BC /* HomeVC.m in Sources */,
				16872829211196CA004E9250 /* LaunchScrapVC.m in Sources */,
				16872815210EF897004E9250 /* LaunchGetUseVC.m in Sources */,
				16AD807720BECA67005F99BC /* YYTabBar.m in Sources */,
				16AD808E20BECB9D005F99BC /* MineVC.m in Sources */,
				16AD802F20BEC365005F99BC /* storehouseTests.m in Sources */,
				16AD806620BECA10005F99BC /* AppDelegate.m in Sources */,
				16AD807120BECA67005F99BC /* YYNavigationController.m in Sources */,
				162E473720C6957C00DED9B2 /* NSObject+Addition.m in Sources */,
				1687281F21105E59004E9250 /* LaunchFormTVCell.m in Sources */,
				16AD807A20BECA67005F99BC /* YYTabBarItem.m in Sources */,
				16AD807420BECA67005F99BC /* YYTabBarController.m in Sources */,
				162E472820C690C400DED9B2 /* HomeFunctionListModel.m in Sources */,
				1654F32B21070DC5007EF7B0 /* ZWPullMenuView.m in Sources */,
				168728242111933C004E9250 /* LaunchRepairVC.m in Sources */,
				162E474120C7B60C00DED9B2 /* UILabel+Addition.m in Sources */,
				1654F3172105C916007EF7B0 /* LaunchBaseTVCell.m in Sources */,
				16AD808420BECB40005F99BC /* ApplyVC.m in Sources */,
				1654F32821070DC5007EF7B0 /* ZWPullMenuModel.m in Sources */,
				162E474920C7DEA500DED9B2 /* LaunchMainHeaderButtonView.m in Sources */,
			);
			runOnlyForDeploymentPostprocessing = 0;
		};
		16AD803120BEC365005F99BC /* Sources */ = {
			isa = PBXSourcesBuildPhase;
			buildActionMask = 2147483647;
			files = (
				162E473D20C7B43E00DED9B2 /* HomeNoticeNewsTVCell.m in Sources */,
				16AD805720BEC9AC005F99BC /* HttpClient.m in Sources */,
				162E471F20C68D5400DED9B2 /* FunctionListFlowLayout.m in Sources */,
				162E472420C68E8900DED9B2 /* HomeFunctionCollectionViewCell.m in Sources */,
				16AD808A20BECB57005F99BC /* AssetsVC.m in Sources */,
				1687282F21119FA1004E9250 /* LaunchRetiringVC.m in Sources */,
				161E57DB20CF77A6006B57B2 /* CPXCommonLabel.m in Sources */,
				162E473320C6954C00DED9B2 /* NSArray+Addition.m in Sources */,
				16AD805A20BEC9AC005F99BC /* UIColor+Extension.m in Sources */,
				16AD806220BEC9E9005F99BC /* main.m in Sources */,
				161E57E020CFA278006B57B2 /* LaunchMainHeaderView.m in Sources */,
				1654F32321070DC5007EF7B0 /* ZWPullMenuCell.m in Sources */,
				16AD808020BECB2A005F99BC /* HomeVC.m in Sources */,
				1687282A211196CA004E9250 /* LaunchScrapVC.m in Sources */,
				16872816210EF897004E9250 /* LaunchGetUseVC.m in Sources */,
				16AD807820BECA67005F99BC /* YYTabBar.m in Sources */,
				16AD808F20BECB9D005F99BC /* MineVC.m in Sources */,
				16AD803A20BEC365005F99BC /* storehouseUITests.m in Sources */,
				16AD806720BECA10005F99BC /* AppDelegate.m in Sources */,
				16AD807220BECA67005F99BC /* YYNavigationController.m in Sources */,
				162E473820C6957C00DED9B2 /* NSObject+Addition.m in Sources */,
				1687282021105E59004E9250 /* LaunchFormTVCell.m in Sources */,
				16AD807B20BECA67005F99BC /* YYTabBarItem.m in Sources */,
				16AD807520BECA67005F99BC /* YYTabBarController.m in Sources */,
				162E472920C690C400DED9B2 /* HomeFunctionListModel.m in Sources */,
				1654F32C21070DC5007EF7B0 /* ZWPullMenuView.m in Sources */,
				168728252111933C004E9250 /* LaunchRepairVC.m in Sources */,
				162E474220C7B60C00DED9B2 /* UILabel+Addition.m in Sources */,
				1654F3182105C916007EF7B0 /* LaunchBaseTVCell.m in Sources */,
				16AD808520BECB40005F99BC /* ApplyVC.m in Sources */,
				1654F32921070DC5007EF7B0 /* ZWPullMenuModel.m in Sources */,
				162E474A20C7DEA500DED9B2 /* LaunchMainHeaderButtonView.m in Sources */,
			);
			runOnlyForDeploymentPostprocessing = 0;
		};
/* End PBXSourcesBuildPhase section */

/* Begin PBXTargetDependency section */
		16AD802C20BEC365005F99BC /* PBXTargetDependency */ = {
			isa = PBXTargetDependency;
			target = 16AD801120BEC365005F99BC /* storehouse */;
			targetProxy = 16AD802B20BEC365005F99BC /* PBXContainerItemProxy */;
		};
		16AD803720BEC365005F99BC /* PBXTargetDependency */ = {
			isa = PBXTargetDependency;
			target = 16AD801120BEC365005F99BC /* storehouse */;
			targetProxy = 16AD803620BEC365005F99BC /* PBXContainerItemProxy */;
		};
/* End PBXTargetDependency section */

/* Begin PBXVariantGroup section */
		16AD802020BEC365005F99BC /* LaunchScreen.storyboard */ = {
			isa = PBXVariantGroup;
			children = (
				16AD802120BEC365005F99BC /* Base */,
			);
			name = LaunchScreen.storyboard;
			sourceTree = "<group>";
		};
/* End PBXVariantGroup section */

/* Begin XCBuildConfiguration section */
		16AD803C20BEC365005F99BC /* Debug */ = {
			isa = XCBuildConfiguration;
			buildSettings = {
				ALWAYS_SEARCH_USER_PATHS = NO;
				CLANG_ANALYZER_NONNULL = YES;
				CLANG_ANALYZER_NUMBER_OBJECT_CONVERSION = YES_AGGRESSIVE;
				CLANG_CXX_LANGUAGE_STANDARD = "gnu++14";
				CLANG_CXX_LIBRARY = "libc++";
				CLANG_ENABLE_MODULES = YES;
				CLANG_ENABLE_OBJC_ARC = YES;
				CLANG_WARN_BLOCK_CAPTURE_AUTORELEASING = YES;
				CLANG_WARN_BOOL_CONVERSION = YES;
				CLANG_WARN_COMMA = YES;
				CLANG_WARN_CONSTANT_CONVERSION = YES;
				CLANG_WARN_DIRECT_OBJC_ISA_USAGE = YES_ERROR;
				CLANG_WARN_DOCUMENTATION_COMMENTS = YES;
				CLANG_WARN_EMPTY_BODY = YES;
				CLANG_WARN_ENUM_CONVERSION = YES;
				CLANG_WARN_INFINITE_RECURSION = YES;
				CLANG_WARN_INT_CONVERSION = YES;
				CLANG_WARN_NON_LITERAL_NULL_CONVERSION = YES;
				CLANG_WARN_OBJC_LITERAL_CONVERSION = YES;
				CLANG_WARN_OBJC_ROOT_CLASS = YES_ERROR;
				CLANG_WARN_RANGE_LOOP_ANALYSIS = YES;
				CLANG_WARN_STRICT_PROTOTYPES = YES;
				CLANG_WARN_SUSPICIOUS_MOVE = YES;
				CLANG_WARN_UNGUARDED_AVAILABILITY = YES_AGGRESSIVE;
				CLANG_WARN_UNREACHABLE_CODE = YES;
				CLANG_WARN__DUPLICATE_METHOD_MATCH = YES;
				CODE_SIGN_IDENTITY = "iPhone Developer";
				COPY_PHASE_STRIP = NO;
				DEBUG_INFORMATION_FORMAT = dwarf;
				ENABLE_STRICT_OBJC_MSGSEND = YES;
				ENABLE_TESTABILITY = YES;
				GCC_C_LANGUAGE_STANDARD = gnu11;
				GCC_DYNAMIC_NO_PIC = NO;
				GCC_NO_COMMON_BLOCKS = YES;
				GCC_OPTIMIZATION_LEVEL = 0;
				GCC_PREPROCESSOR_DEFINITIONS = (
					"DEBUG=1",
					"$(inherited)",
				);
				GCC_WARN_64_TO_32_BIT_CONVERSION = YES;
				GCC_WARN_ABOUT_RETURN_TYPE = YES_ERROR;
				GCC_WARN_UNDECLARED_SELECTOR = YES;
				GCC_WARN_UNINITIALIZED_AUTOS = YES_AGGRESSIVE;
				GCC_WARN_UNUSED_FUNCTION = YES;
				GCC_WARN_UNUSED_VARIABLE = YES;
				IPHONEOS_DEPLOYMENT_TARGET = 11.2;
				MTL_ENABLE_DEBUG_INFO = YES;
				ONLY_ACTIVE_ARCH = YES;
				SDKROOT = iphoneos;
			};
			name = Debug;
		};
		16AD803D20BEC365005F99BC /* Release */ = {
			isa = XCBuildConfiguration;
			buildSettings = {
				ALWAYS_SEARCH_USER_PATHS = NO;
				CLANG_ANALYZER_NONNULL = YES;
				CLANG_ANALYZER_NUMBER_OBJECT_CONVERSION = YES_AGGRESSIVE;
				CLANG_CXX_LANGUAGE_STANDARD = "gnu++14";
				CLANG_CXX_LIBRARY = "libc++";
				CLANG_ENABLE_MODULES = YES;
				CLANG_ENABLE_OBJC_ARC = YES;
				CLANG_WARN_BLOCK_CAPTURE_AUTORELEASING = YES;
				CLANG_WARN_BOOL_CONVERSION = YES;
				CLANG_WARN_COMMA = YES;
				CLANG_WARN_CONSTANT_CONVERSION = YES;
				CLANG_WARN_DIRECT_OBJC_ISA_USAGE = YES_ERROR;
				CLANG_WARN_DOCUMENTATION_COMMENTS = YES;
				CLANG_WARN_EMPTY_BODY = YES;
				CLANG_WARN_ENUM_CONVERSION = YES;
				CLANG_WARN_INFINITE_RECURSION = YES;
				CLANG_WARN_INT_CONVERSION = YES;
				CLANG_WARN_NON_LITERAL_NULL_CONVERSION = YES;
				CLANG_WARN_OBJC_LITERAL_CONVERSION = YES;
				CLANG_WARN_OBJC_ROOT_CLASS = YES_ERROR;
				CLANG_WARN_RANGE_LOOP_ANALYSIS = YES;
				CLANG_WARN_STRICT_PROTOTYPES = YES;
				CLANG_WARN_SUSPICIOUS_MOVE = YES;
				CLANG_WARN_UNGUARDED_AVAILABILITY = YES_AGGRESSIVE;
				CLANG_WARN_UNREACHABLE_CODE = YES;
				CLANG_WARN__DUPLICATE_METHOD_MATCH = YES;
				CODE_SIGN_IDENTITY = "iPhone Developer";
				COPY_PHASE_STRIP = NO;
				DEBUG_INFORMATION_FORMAT = "dwarf-with-dsym";
				ENABLE_NS_ASSERTIONS = NO;
				ENABLE_STRICT_OBJC_MSGSEND = YES;
				GCC_C_LANGUAGE_STANDARD = gnu11;
				GCC_NO_COMMON_BLOCKS = YES;
				GCC_WARN_64_TO_32_BIT_CONVERSION = YES;
				GCC_WARN_ABOUT_RETURN_TYPE = YES_ERROR;
				GCC_WARN_UNDECLARED_SELECTOR = YES;
				GCC_WARN_UNINITIALIZED_AUTOS = YES_AGGRESSIVE;
				GCC_WARN_UNUSED_FUNCTION = YES;
				GCC_WARN_UNUSED_VARIABLE = YES;
				IPHONEOS_DEPLOYMENT_TARGET = 11.2;
				MTL_ENABLE_DEBUG_INFO = NO;
				SDKROOT = iphoneos;
				VALIDATE_PRODUCT = YES;
			};
			name = Release;
		};
		16AD803F20BEC365005F99BC /* Debug */ = {
			isa = XCBuildConfiguration;
			baseConfigurationReference = 442D31F317C0ED0A9AC4F63B /* Pods-storehouse.debug.xcconfig */;
			buildSettings = {
				ASSETCATALOG_COMPILER_APPICON_NAME = AppIcon;
				CODE_SIGN_STYLE = Automatic;
				DEVELOPMENT_TEAM = HM3WX6CXQ7;
				GCC_PREFIX_HEADER = "/Users/w/jdc/storehouse/storehouse/storehouse/Supporting Files/YYDefine.pch";
				INFOPLIST_FILE = storehouse/Info.plist;
				IPHONEOS_DEPLOYMENT_TARGET = 9.0;
				LD_RUNPATH_SEARCH_PATHS = "$(inherited) @executable_path/Frameworks";
				PRODUCT_BUNDLE_IDENTIFIER = com.wanyu.storehouse;
				PRODUCT_NAME = "$(TARGET_NAME)";
				TARGETED_DEVICE_FAMILY = 1;
			};
			name = Debug;
		};
		16AD804020BEC365005F99BC /* Release */ = {
			isa = XCBuildConfiguration;
			baseConfigurationReference = 212B960CE912910091530F99 /* Pods-storehouse.release.xcconfig */;
			buildSettings = {
				ASSETCATALOG_COMPILER_APPICON_NAME = AppIcon;
				CODE_SIGN_STYLE = Automatic;
				DEVELOPMENT_TEAM = HM3WX6CXQ7;
				GCC_PREFIX_HEADER = "/Users/w/jdc/storehouse/storehouse/storehouse/Supporting Files/YYDefine.pch";
				INFOPLIST_FILE = storehouse/Info.plist;
				IPHONEOS_DEPLOYMENT_TARGET = 9.0;
				LD_RUNPATH_SEARCH_PATHS = "$(inherited) @executable_path/Frameworks";
				PRODUCT_BUNDLE_IDENTIFIER = com.wanyu.storehouse;
				PRODUCT_NAME = "$(TARGET_NAME)";
				TARGETED_DEVICE_FAMILY = 1;
			};
			name = Release;
		};
		16AD804220BEC365005F99BC /* Debug */ = {
			isa = XCBuildConfiguration;
			buildSettings = {
				BUNDLE_LOADER = "$(TEST_HOST)";
				CODE_SIGN_STYLE = Automatic;
				DEVELOPMENT_TEAM = HM3WX6CXQ7;
				INFOPLIST_FILE = storehouseTests/Info.plist;
				LD_RUNPATH_SEARCH_PATHS = "$(inherited) @executable_path/Frameworks @loader_path/Frameworks";
				PRODUCT_BUNDLE_IDENTIFIER = com.wanyu.storehouseTests;
				PRODUCT_NAME = "$(TARGET_NAME)";
				TARGETED_DEVICE_FAMILY = "1,2";
				TEST_HOST = "$(BUILT_PRODUCTS_DIR)/storehouse.app/storehouse";
			};
			name = Debug;
		};
		16AD804320BEC365005F99BC /* Release */ = {
			isa = XCBuildConfiguration;
			buildSettings = {
				BUNDLE_LOADER = "$(TEST_HOST)";
				CODE_SIGN_STYLE = Automatic;
				DEVELOPMENT_TEAM = HM3WX6CXQ7;
				INFOPLIST_FILE = storehouseTests/Info.plist;
				LD_RUNPATH_SEARCH_PATHS = "$(inherited) @executable_path/Frameworks @loader_path/Frameworks";
				PRODUCT_BUNDLE_IDENTIFIER = com.wanyu.storehouseTests;
				PRODUCT_NAME = "$(TARGET_NAME)";
				TARGETED_DEVICE_FAMILY = "1,2";
				TEST_HOST = "$(BUILT_PRODUCTS_DIR)/storehouse.app/storehouse";
			};
			name = Release;
		};
		16AD804520BEC365005F99BC /* Debug */ = {
			isa = XCBuildConfiguration;
			buildSettings = {
				CODE_SIGN_STYLE = Automatic;
				DEVELOPMENT_TEAM = HM3WX6CXQ7;
				INFOPLIST_FILE = storehouseUITests/Info.plist;
				LD_RUNPATH_SEARCH_PATHS = "$(inherited) @executable_path/Frameworks @loader_path/Frameworks";
				PRODUCT_BUNDLE_IDENTIFIER = com.wanyu.storehouseUITests;
				PRODUCT_NAME = "$(TARGET_NAME)";
				TARGETED_DEVICE_FAMILY = "1,2";
				TEST_TARGET_NAME = storehouse;
			};
			name = Debug;
		};
		16AD804620BEC365005F99BC /* Release */ = {
			isa = XCBuildConfiguration;
			buildSettings = {
				CODE_SIGN_STYLE = Automatic;
				DEVELOPMENT_TEAM = HM3WX6CXQ7;
				INFOPLIST_FILE = storehouseUITests/Info.plist;
				LD_RUNPATH_SEARCH_PATHS = "$(inherited) @executable_path/Frameworks @loader_path/Frameworks";
				PRODUCT_BUNDLE_IDENTIFIER = com.wanyu.storehouseUITests;
				PRODUCT_NAME = "$(TARGET_NAME)";
				TARGETED_DEVICE_FAMILY = "1,2";
				TEST_TARGET_NAME = storehouse;
			};
			name = Release;
		};
/* End XCBuildConfiguration section */

/* Begin XCConfigurationList section */
		16AD800D20BEC365005F99BC /* Build configuration list for PBXProject "storehouse" */ = {
			isa = XCConfigurationList;
			buildConfigurations = (
				16AD803C20BEC365005F99BC /* Debug */,
				16AD803D20BEC365005F99BC /* Release */,
			);
			defaultConfigurationIsVisible = 0;
			defaultConfigurationName = Release;
		};
		16AD803E20BEC365005F99BC /* Build configuration list for PBXNativeTarget "storehouse" */ = {
			isa = XCConfigurationList;
			buildConfigurations = (
				16AD803F20BEC365005F99BC /* Debug */,
				16AD804020BEC365005F99BC /* Release */,
			);
			defaultConfigurationIsVisible = 0;
			defaultConfigurationName = Release;
		};
		16AD804120BEC365005F99BC /* Build configuration list for PBXNativeTarget "storehouseTests" */ = {
			isa = XCConfigurationList;
			buildConfigurations = (
				16AD804220BEC365005F99BC /* Debug */,
				16AD804320BEC365005F99BC /* Release */,
			);
			defaultConfigurationIsVisible = 0;
			defaultConfigurationName = Release;
		};
		16AD804420BEC365005F99BC /* Build configuration list for PBXNativeTarget "storehouseUITests" */ = {
			isa = XCConfigurationList;
			buildConfigurations = (
				16AD804520BEC365005F99BC /* Debug */,
				16AD804620BEC365005F99BC /* Release */,
			);
			defaultConfigurationIsVisible = 0;
			defaultConfigurationName = Release;
		};
/* End XCConfigurationList section */
	};
	rootObject = 16AD800A20BEC365005F99BC /* Project object */;
}
